# This file is automatically @generated by Cargo.
# It is not intended for manual editing.
version = 4

[[package]]
name = "anyhow"
version = "1.0.100"
source = "registry+https://github.com/rust-lang/crates.io-index"
checksum = "a23eb6b1614318a8071c9b2521f36b424b2c83db5eb3a0fead4a6c0809af6e61"

[[package]]
name = "hashbrown"
version = "0.16.1"
source = "registry+https://github.com/rust-lang/crates.io-index"
checksum = "841d1cc9bed7f9236f321df977030373f4a4163ae1a7dbfe1a51a2c1a51d9100"
dependencies = [
 "rustc-std-workspace-alloc",
 "rustc-std-workspace-core",
]

[[package]]
name = "kos"
version = "1.2.0"
dependencies = [
 "anyhow",
 "hashbrown",
]

[[package]]
name = "rustc-std-workspace-alloc"
version = "1.0.1"
source = "registry+https://github.com/rust-lang/crates.io-index"
checksum = "f9d441c3b2ebf55cebf796bfdc265d67fa09db17b7bb6bd4be75c509e1e8fec3"

[[package]]
name = "rustc-std-workspace-core"
version = "1.0.1"
source = "registry+https://github.com/rust-lang/crates.io-index"
checksum = "aa9c45b374136f52f2d6311062c7146bff20fec063c3f5d46a410bd937746955"
